// !$*UTF8*$!
{
	archiveVersion = 1;
	classes = {
	};
	objectVersion = 50;
	objects = {

/* Begin PBXBuildFile section */
		2C437D21253EF8B500AFC916 /* AppDelegate.swift in Sources */ = {isa = PBXBuildFile; fileRef = 2C437D20253EF8B500AFC916 /* AppDelegate.swift */; };
		2C437D23253EF8B500AFC916 /* SceneDelegate.swift in Sources */ = {isa = PBXBuildFile; fileRef = 2C437D22253EF8B500AFC916 /* SceneDelegate.swift */; };
		2C437D25253EF8B500AFC916 /* ViewController.swift in Sources */ = {isa = PBXBuildFile; fileRef = 2C437D24253EF8B500AFC916 /* ViewController.swift */; };
		2C437D28253EF8B500AFC916 /* Main.storyboard in Resources */ = {isa = PBXBuildFile; fileRef = 2C437D26253EF8B500AFC916 /* Main.storyboard */; };
		2C437D2A253EF8B600AFC916 /* Assets.xcassets in Resources */ = {isa = PBXBuildFile; fileRef = 2C437D29253EF8B600AFC916 /* Assets.xcassets */; };
		2C437D2D253EF8B600AFC916 /* LaunchScreen.storyboard in Resources */ = {isa = PBXBuildFile; fileRef = 2C437D2B253EF8B600AFC916 /* LaunchScreen.storyboard */; };
		2C437D36253EF9A600AFC916 /* GoogleService-Info.plist in Resources */ = {isa = PBXBuildFile; fileRef = 2C437D35253EF9A600AFC916 /* GoogleService-Info.plist */; };
		ADA12190A83E05FBA98C93FA /* Pods_Firebase101.framework in Frameworks */ = {isa = PBXBuildFile; fileRef = EF74F1D4910FF2525B39F397 /* Pods_Firebase101.framework */; };
/* End PBXBuildFile section */

/* Begin PBXFileReference section */
		2C437D1D253EF8B500AFC916 /* Firebase101.app */ = {isa = PBXFileReference; explicitFileType = wrapper.application; includeInIndex = 0; path = Firebase101.app; sourceTree = BUILT_PRODUCTS_DIR; };
		2C437D20253EF8B500AFC916 /* AppDelegate.swift */ = {isa = PBXFileReference; lastKnownFileType = sourcecode.swift; path = AppDelegate.swift; sourceTree = "<group>"; };
		2C437D22253EF8B500AFC916 /* SceneDelegate.swift */ = {isa = PBXFileReference; lastKnownFileType = sourcecode.swift; path = SceneDelegate.swift; sourceTree = "<group>"; };
		2C437D24253EF8B500AFC916 /* ViewController.swift */ = {isa = PBXFileReference; lastKnownFileType = sourcecode.swift; path = ViewController.swift; sourceTree = "<group>"; };
		2C437D27253EF8B500AFC916 /* Base */ = {isa = PBXFileReference; lastKnownFileType = file.storyboard; name = Base; path = Base.lproj/Main.storyboard; sourceTree = "<group>"; };
		2C437D29253EF8B600AFC916 /* Assets.xcassets */ = {isa = PBXFileReference; lastKnownFileType = folder.assetcatalog; path = Assets.xcassets; sourceTree = "<group>"; };
		2C437D2C253EF8B600AFC916 /* Base */ = {isa = PBXFileReference; lastKnownFileType = file.storyboard; name = Base; path = Base.lproj/LaunchScreen.storyboard; sourceTree = "<group>"; };
		2C437D2E253EF8B600AFC916 /* Info.plist */ = {isa = PBXFileReference; lastKnownFileType = text.plist.xml; path = Info.plist; sourceTree = "<group>"; };
		2C437D35253EF9A600AFC916 /* GoogleService-Info.plist */ = {isa = PBXFileReference; fileEncoding = 4; lastKnownFileType = text.plist.xml; path = "GoogleService-Info.plist"; sourceTree = "<group>"; };
		56DB312E84109460150C8A1C /* Pods-Firebase101.release.xcconfig */ = {isa = PBXFileReference; includeInIndex = 1; lastKnownFileType = text.xcconfig; name = "Pods-Firebase101.release.xcconfig"; path = "Target Support Files/Pods-Firebase101/Pods-Firebase101.release.xcconfig"; sourceTree = "<group>"; };
		C67E028D087F8B10103FC33F /* Pods-Firebase101.debug.xcconfig */ = {isa = PBXFileReference; includeInIndex = 1; lastKnownFileType = text.xcconfig; name = "Pods-Firebase101.debug.xcconfig"; path = "Target Support Files/Pods-Firebase101/Pods-Firebase101.debug.xcconfig"; sourceTree = "<group>"; };
		EF74F1D4910FF2525B39F397 /* Pods_Firebase101.framework */ = {isa = PBXFileReference; explicitFileType = wrapper.framework; includeInIndex = 0; path = Pods_Firebase101.framework; sourceTree = BUILT_PRODUCTS_DIR; };
/* End PBXFileReference section */

/* Begin PBXFrameworksBuildPhase section */
		2C437D1A253EF8B500AFC916 /* Frameworks */ = {
			isa = PBXFrameworksBuildPhase;
			buildActionMask = 2147483647;
			files = (
				ADA12190A83E05FBA98C93FA /* Pods_Firebase101.framework in Frameworks */,
			);
			runOnlyForDeploymentPostprocessing = 0;
		};
/* End PBXFrameworksBuildPhase section */

/* Begin PBXGroup section */
		2C437D14253EF8B500AFC916 = {
			isa = PBXGroup;
			children = (
				2C437D1F253EF8B500AFC916 /* Firebase101 */,
				2C437D1E253EF8B500AFC916 /* Products */,
				B64BCB9937CB6BE3EC532B32 /* Pods */,
				3D2FEAB1FA3E5B7628A5A1E7 /* Frameworks */,
			);
			sourceTree = "<group>";
		};
		2C437D1E253EF8B500AFC916 /* Products */ = {
			isa = PBXGroup;
			children = (
				2C437D1D253EF8B500AFC916 /* Firebase101.app */,
			);
			name = Products;
			sourceTree = "<group>";
		};
		2C437D1F253EF8B500AFC916 /* Firebase101 */ = {
			isa = PBXGroup;
			children = (
				2C437D20253EF8B500AFC916 /* AppDelegate.swift */,
				2C437D22253EF8B500AFC916 /* SceneDelegate.swift */,
				2C437D24253EF8B500AFC916 /* ViewController.swift */,
				2C437D26253EF8B500AFC916 /* Main.storyboard */,
				2C437D29253EF8B600AFC916 /* Assets.xcassets */,
				2C437D2B253EF8B600AFC916 /* LaunchScreen.storyboard */,
				2C437D2E253EF8B600AFC916 /* Info.plist */,
				2C437D35253EF9A600AFC916 /* GoogleService-Info.plist */,
			);
			path = Firebase101;
			sourceTree = "<group>";
		};
		3D2FEAB1FA3E5B7628A5A1E7 /* Frameworks */ = {
			isa = PBXGroup;
			children = (
				EF74F1D4910FF2525B39F397 /* Pods_Firebase101.framework */,
			);
			name = Frameworks;
			sourceTree = "<group>";
		};
		B64BCB9937CB6BE3EC532B32 /* Pods */ = {
			isa = PBXGroup;
			children = (
				C67E028D087F8B10103FC33F /* Pods-Firebase101.debug.xcconfig */,
				56DB312E84109460150C8A1C /* Pods-Firebase101.release.xcconfig */,
			);
			name = Pods;
			path = Pods;
			sourceTree = "<group>";
		};
/* End PBXGroup section */

/* Begin PBXNativeTarget section */
		2C437D1C253EF8B500AFC916 /* Firebase101 */ = {
			isa = PBXNativeTarget;
			buildConfigurationList = 2C437D31253EF8B600AFC916 /* Build configuration list for PBXNativeTarget "Firebase101" */;
			buildPhases = (
				87FD6D202FB04DCC53A82439 /* [CP] Check Pods Manifest.lock */,
				2C437D19253EF8B500AFC916 /* Sources */,
				2C437D1A253EF8B500AFC916 /* Frameworks */,
				2C437D1B253EF8B500AFC916 /* Resources */,
				FE75FF4E927D29C65CD7B60C /* [CP] Embed Pods Frameworks */,
			);
			buildRules = (
			);
			dependencies = (
			);
			name = Firebase101;
			productName = Firebase101;
			productReference = 2C437D1D253EF8B500AFC916 /* Firebase101.app */;
			productType = "com.apple.product-type.application";
		};
/* End PBXNativeTarget section */

/* Begin PBXProject section */
		2C437D15253EF8B500AFC916 /* Project object */ = {
			isa = PBXProject;
			attributes = {
				LastSwiftUpdateCheck = 1200;
				LastUpgradeCheck = 1200;
				TargetAttributes = {
					2C437D1C253EF8B500AFC916 = {
						CreatedOnToolsVersion = 12.0.1;
					};
				};
			};
			buildConfigurationList = 2C437D18253EF8B500AFC916 /* Build configuration list for PBXProject "Firebase101" */;
			compatibilityVersion = "Xcode 9.3";
			developmentRegion = en;
			hasScannedForEncodings = 0;
			knownRegions = (
				en,
				Base,
			);
			mainGroup = 2C437D14253EF8B500AFC916;
			productRefGroup = 2C437D1E253EF8B500AFC916 /* Products */;
			projectDirPath = "";
			projectRoot = "";
			targets = (
				2C437D1C253EF8B500AFC916 /* Firebase101 */,
			);
		};
/* End PBXProject section */

/* Begin PBXResourcesBuildPhase section */
		2C437D1B253EF8B500AFC916 /* Resources */ = {
			isa = PBXResourcesBuildPhase;
			buildActionMask = 2147483647;
			files = (
				2C437D2D253EF8B600AFC916 /* LaunchScreen.storyboard in Resources */,
				2C437D36253EF9A600AFC916 /* GoogleService-Info.plist in Resources */,
				2C437D2A253EF8B600AFC916 /* Assets.xcassets in Resources */,
				2C437D28253EF8B500AFC916 /* Main.storyboard in Resources */,
			);
			runOnlyForDeploymentPostprocessing = 0;
		};
/* End PBXResourcesBuildPhase section */

/* Begin PBXShellScriptBuildPhase section */
		87FD6D202FB04DCC53A82439 /* [CP] Check Pods Manifest.lock */ = {
			isa = PBXShellScriptBuildPhase;
			buildActionMask = 2147483647;
			files = (
			);
			inputFileListPaths = (
			);
			inputPaths = (
				"${PODS_PODFILE_DIR_PATH}/Podfile.lock",
				"${PODS_ROOT}/Manifest.lock",
			);
			name = "[CP] Check Pods Manifest.lock";
			outputFileListPaths = (
			);
			outputPaths = (
				"$(DERIVED_FILE_DIR)/Pods-Firebase101-checkManifestLockResult.txt",
			);
			runOnlyForDeploymentPostprocessing = 0;
			shellPath = /bin/sh;
			shellScript = "diff \"${PODS_PODFILE_DIR_PATH}/Podfile.lock\" \"${PODS_ROOT}/Manifest.lock\" > /dev/null\nif [ $? != 0 ] ; then\n    # print error to STDERR\n    echo \"error: The sandbox is not in sync with the Podfile.lock. Run 'pod install' or update your CocoaPods installation.\" >&2\n    exit 1\nfi\n# This output is used by Xcode 'outputs' to avoid re-running this script phase.\necho \"SUCCESS\" > \"${SCRIPT_OUTPUT_FILE_0}\"\n";
			showEnvVarsInLog = 0;
		};
		FE75FF4E927D29C65CD7B60C /* [CP] Embed Pods Frameworks */ = {
			isa = PBXShellScriptBuildPhase;
			buildActionMask = 2147483647;
			files = (
			);
			inputFileListPaths = (
				"${PODS_ROOT}/Target Support Files/Pods-Firebase101/Pods-Firebase101-frameworks-${CONFIGURATION}-input-files.xcfilelist",
			);
			name = "[CP] Embed Pods Frameworks";
			outputFileListPaths = (
				"${PODS_ROOT}/Target Support Files/Pods-Firebase101/Pods-Firebase101-frameworks-${CONFIGURATION}-output-files.xcfilelist",
			);
			runOnlyForDeploymentPostprocessing = 0;
			shellPath = /bin/sh;
			shellScript = "\"${PODS_ROOT}/Target Support Files/Pods-Firebase101/Pods-Firebase101-frameworks.sh\"\n";
			showEnvVarsInLog = 0;
		};
/* End PBXShellScriptBuildPhase section */

/* Begin PBXSourcesBuildPhase section */
		2C437D19253EF8B500AFC916 /* Sources */ = {
			isa = PBXSourcesBuildPhase;
			buildActionMask = 2147483647;
			files = (
				2C437D25253EF8B500AFC916 /* ViewController.swift in Sources */,
				2C437D21253EF8B500AFC916 /* AppDelegate.swift in Sources */,
				2C437D23253EF8B500AFC916 /* SceneDelegate.swift in Sources */,
			);
			runOnlyForDeploymentPostprocessing = 0;
		};
/* End PBXSourcesBuildPhase section */

/* Begin PBXVariantGroup section */
		2C437D26253EF8B500AFC916 /* Main.storyboard */ = {
			isa = PBXVariantGroup;
			children = (
				2C437D27253EF8B500AFC916 /* Base */,
			);
			name = Main.storyboard;
			sourceTree = "<group>";
		};
		2C437D2B253EF8B600AFC916 /* LaunchScreen.storyboard */ = {
			isa = PBXVariantGroup;
			children = (
				2C437D2C253EF8B600AFC916 /* Base */,
			);
			name = LaunchScreen.storyboard;
			sourceTree = "<group>";
		};
/* End PBXVariantGroup section */

/* Begin XCBuildConfiguration section */
		2C437D2F253EF8B600AFC916 /* Debug */ = {
			isa = XCBuildConfiguration;
			buildSettings = {
				ALWAYS_SEARCH_USER_PATHS = NO;
				CLANG_ANALYZER_NONNULL = YES;
				CLANG_ANALYZER_NUMBER_OBJECT_CONVERSION = YES_AGGRESSIVE;
				CLANG_CXX_LANGUAGE_STANDARD = "gnu++14";
				CLANG_CXX_LIBRARY = "libc++";
				CLANG_ENABLE_MODULES = YES;
				CLANG_ENABLE_OBJC_ARC = YES;
				CLANG_ENABLE_OBJC_WEAK = YES;
				CLANG_WARN_BLOCK_CAPTURE_AUTORELEASING = YES;
				CLANG_WARN_BOOL_CONVERSION = YES;
				CLANG_WARN_COMMA = YES;
				CLANG_WARN_CONSTANT_CONVERSION = YES;
				CLANG_WARN_DEPRECATED_OBJC_IMPLEMENTATIONS = YES;
				CLANG_WARN_DIRECT_OBJC_ISA_USAGE = YES_ERROR;
				CLANG_WARN_DOCUMENTATION_COMMENTS = YES;
				CLANG_WARN_EMPTY_BODY = YES;
				CLANG_WARN_ENUM_CONVERSION = YES;
				CLANG_WARN_INFINITE_RECURSION = YES;
				CLANG_WARN_INT_CONVERSION = YES;
				CLANG_WARN_NON_LITERAL_NULL_CONVERSION = YES;
				CLANG_WARN_OBJC_IMPLICIT_RETAIN_SELF = YES;
				CLANG_WARN_OBJC_LITERAL_CONVERSION = YES;
				CLANG_WARN_OBJC_ROOT_CLASS = YES_ERROR;
				CLANG_WARN_QUOTED_INCLUDE_IN_FRAMEWORK_HEADER = YES;
				CLANG_WARN_RANGE_LOOP_ANALYSIS = YES;
				CLANG_WARN_STRICT_PROTOTYPES = YES;
				CLANG_WARN_SUSPICIOUS_MOVE = YES;
				CLANG_WARN_UNGUARDED_AVAILABILITY = YES_AGGRESSIVE;
				CLANG_WARN_UNREACHABLE_CODE = YES;
				CLANG_WARN__DUPLICATE_METHOD_MATCH = YES;
				COPY_PHASE_STRIP = NO;
				DEBUG_INFORMATION_FORMAT = dwarf;
				ENABLE_STRICT_OBJC_MSGSEND = YES;
				ENABLE_TESTABILITY = YES;
				GCC_C_LANGUAGE_STANDARD = gnu11;
				GCC_DYNAMIC_NO_PIC = NO;
				GCC_NO_COMMON_BLOCKS = YES;
				GCC_OPTIMIZATION_LEVEL = 0;
				GCC_PREPROCESSOR_DEFINITIONS = (
					"DEBUG=1",
					"$(inherited)",
				);
				GCC_WARN_64_TO_32_BIT_CONVERSION = YES;
				GCC_WARN_ABOUT_RETURN_TYPE = YES_ERROR;
				GCC_WARN_UNDECLARED_SELECTOR = YES;
				GCC_WARN_UNINITIALIZED_AUTOS = YES_AGGRESSIVE;
				GCC_WARN_UNUSED_FUNCTION = YES;
				GCC_WARN_UNUSED_VARIABLE = YES;
				IPHONEOS_DEPLOYMENT_TARGET = 14.0;
				MTL_ENABLE_DEBUG_INFO = INCLUDE_SOURCE;
				MTL_FAST_MATH = YES;
				ONLY_ACTIVE_ARCH = YES;
				SDKROOT = iphoneos;
				SWIFT_ACTIVE_COMPILATION_CONDITIONS = DEBUG;
				SWIFT_OPTIMIZATION_LEVEL = "-Onone";
			};
			name = Debug;
		};
		2C437D30253EF8B600AFC916 /* Release */ = {
			isa = XCBuildConfiguration;
			buildSettings = {
				ALWAYS_SEARCH_USER_PATHS = NO;
				CLANG_ANALYZER_NONNULL = YES;
				CLANG_ANALYZER_NUMBER_OBJECT_CONVERSION = YES_AGGRESSIVE;
				CLANG_CXX_LANGUAGE_STANDARD = "gnu++14";
				CLANG_CXX_LIBRARY = "libc++";
				CLANG_ENABLE_MODULES = YES;
				CLANG_ENABLE_OBJC_ARC = YES;
				CLANG_ENABLE_OBJC_WEAK = YES;
				CLANG_WARN_BLOCK_CAPTURE_AUTORELEASING = YES;
				CLANG_WARN_BOOL_CONVERSION = YES;
				CLANG_WARN_COMMA = YES;
				CLANG_WARN_CONSTANT_CONVERSION = YES;
				CLANG_WARN_DEPRECATED_OBJC_IMPLEMENTATIONS = YES;
				CLANG_WARN_DIRECT_OBJC_ISA_USAGE = YES_ERROR;
				CLANG_WARN_DOCUMENTATION_COMMENTS = YES;
				CLANG_WARN_EMPTY_BODY = YES;
				CLANG_WARN_ENUM_CONVERSION = YES;
				CLANG_WARN_INFINITE_RECURSION = YES;
				CLANG_WARN_INT_CONVERSION = YES;
				CLANG_WARN_NON_LITERAL_NULL_CONVERSION = YES;
				CLANG_WARN_OBJC_IMPLICIT_RETAIN_SELF = YES;
				CLANG_WARN_OBJC_LITERAL_CONVERSION = YES;
				CLANG_WARN_OBJC_ROOT_CLASS = YES_ERROR;
				CLANG_WARN_QUOTED_INCLUDE_IN_FRAMEWORK_HEADER = YES;
				CLANG_WARN_RANGE_LOOP_ANALYSIS = YES;
				CLANG_WARN_STRICT_PROTOTYPES = YES;
				CLANG_WARN_SUSPICIOUS_MOVE = YES;
				CLANG_WARN_UNGUARDED_AVAILABILITY = YES_AGGRESSIVE;
				CLANG_WARN_UNREACHABLE_CODE = YES;
				CLANG_WARN__DUPLICATE_METHOD_MATCH = YES;
				COPY_PHASE_STRIP = NO;
				DEBUG_INFORMATION_FORMAT = "dwarf-with-dsym";
				ENABLE_NS_ASSERTIONS = NO;
				ENABLE_STRICT_OBJC_MSGSEND = YES;
				GCC_C_LANGUAGE_STANDARD = gnu11;
				GCC_NO_COMMON_BLOCKS = YES;
				GCC_WARN_64_TO_32_BIT_CONVERSION = YES;
				GCC_WARN_ABOUT_RETURN_TYPE = YES_ERROR;
				GCC_WARN_UNDECLARED_SELECTOR = YES;
				GCC_WARN_UNINITIALIZED_AUTOS = YES_AGGRESSIVE;
				GCC_WARN_UNUSED_FUNCTION = YES;
				GCC_WARN_UNUSED_VARIABLE = YES;
				IPHONEOS_DEPLOYMENT_TARGET = 14.0;
				MTL_ENABLE_DEBUG_INFO = NO;
				MTL_FAST_MATH = YES;
				SDKROOT = iphoneos;
				SWIFT_COMPILATION_MODE = wholemodule;
				SWIFT_OPTIMIZATION_LEVEL = "-O";
				VALIDATE_PRODUCT = YES;
			};
			name = Release;
		};
		2C437D32253EF8B600AFC916 /* Debug */ = {
			isa = XCBuildConfiguration;
			baseConfigurationReference = C67E028D087F8B10103FC33F /* Pods-Firebase101.debug.xcconfig */;
			buildSettings = {
				ASSETCATALOG_COMPILER_APPICON_NAME = AppIcon;
				ASSETCATALOG_COMPILER_GLOBAL_ACCENT_COLOR_NAME = AccentColor;
				CODE_SIGN_STYLE = Automatic;
				DEVELOPMENT_TEAM = NP2MGYX5PG;
				INFOPLIST_FILE = Firebase101/Info.plist;
				LD_RUNPATH_SEARCH_PATHS = (
					"$(inherited)",
					"@executable_path/Frameworks",
				);
				PRODUCT_BUNDLE_IDENTIFIER = Hyeongyu.Firebase101;
				PRODUCT_NAME = "$(TARGET_NAME)";
				SWIFT_VERSION = 5.0;
				TARGETED_DEVICE_FAMILY = "1,2";
			};
			name = Debug;
		};
		2C437D33253EF8B600AFC916 /* Release */ = {
			isa = XCBuildConfiguration;
			baseConfigurationReference = 56DB312E84109460150C8A1C /* Pods-Firebase101.release.xcconfig */;
			buildSettings = {
				ASSETCATALOG_COMPILER_APPICON_NAME = AppIcon;
				ASSETCATALOG_COMPILER_GLOBAL_ACCENT_COLOR_NAME = AccentColor;
				CODE_SIGN_STYLE = Automatic;
				DEVELOPMENT_TEAM = NP2MGYX5PG;
				INFOPLIST_FILE = Firebase101/Info.plist;
				LD_RUNPATH_SEARCH_PATHS = (
					"$(inherited)",
					"@executable_path/Frameworks",
				);
				PRODUCT_BUNDLE_IDENTIFIER = Hyeongyu.Firebase101;
				PRODUCT_NAME = "$(TARGET_NAME)";
				SWIFT_VERSION = 5.0;
				TARGETED_DEVICE_FAMILY = "1,2";
			};
			name = Release;
		};
/* End XCBuildConfiguration section */

/* Begin XCConfigurationList section */
		2C437D18253EF8B500AFC916 /* Build configuration list for PBXProject "Firebase101" */ = {
			isa = XCConfigurationList;
			buildConfigurations = (
				2C437D2F253EF8B600AFC916 /* Debug */,
				2C437D30253EF8B600AFC916 /* Release */,
			);
			defaultConfigurationIsVisible = 0;
			defaultConfigurationName = Release;
		};
		2C437D31253EF8B600AFC916 /* Build configuration list for PBXNativeTarget "Firebase101" */ = {
			isa = XCConfigurationList;
			buildConfigurations = (
				2C437D32253EF8B600AFC916 /* Debug */,
				2C437D33253EF8B600AFC916 /* Release */,
			);
			defaultConfigurationIsVisible = 0;
			defaultConfigurationName = Release;
		};
/* End XCConfigurationList section */
	};
	rootObject = 2C437D15253EF8B500AFC916 /* Project object */;
}
