// !$*UTF8*$!
{
	archiveVersion = 1;
	classes = {
	};
	objectVersion = 50;
	objects = {

/* Begin PBXBuildFile section */
		2CBE2E19252CC90B002FD9B2 /* AppDelegate.swift in Sources */ = {isa = PBXBuildFile; fileRef = 2CBE2E18252CC90B002FD9B2 /* AppDelegate.swift */; };
		2CBE2E1B252CC90B002FD9B2 /* SceneDelegate.swift in Sources */ = {isa = PBXBuildFile; fileRef = 2CBE2E1A252CC90B002FD9B2 /* SceneDelegate.swift */; };
		2CBE2E1D252CC90B002FD9B2 /* ViewController.swift in Sources */ = {isa = PBXBuildFile; fileRef = 2CBE2E1C252CC90B002FD9B2 /* ViewController.swift */; };
		2CBE2E20252CC90B002FD9B2 /* Main.storyboard in Resources */ = {isa = PBXBuildFile; fileRef = 2CBE2E1E252CC90B002FD9B2 /* Main.storyboard */; };
		2CBE2E22252CC90B002FD9B2 /* Assets.xcassets in Resources */ = {isa = PBXBuildFile; fileRef = 2CBE2E21252CC90B002FD9B2 /* Assets.xcassets */; };
		2CBE2E25252CC90B002FD9B2 /* LaunchScreen.storyboard in Resources */ = {isa = PBXBuildFile; fileRef = 2CBE2E23252CC90B002FD9B2 /* LaunchScreen.storyboard */; };
		2CBE2E30252CC90B002FD9B2 /* app_demoTests.swift in Sources */ = {isa = PBXBuildFile; fileRef = 2CBE2E2F252CC90B002FD9B2 /* app_demoTests.swift */; };
		2CBE2E3B252CC90B002FD9B2 /* app_demoUITests.swift in Sources */ = {isa = PBXBuildFile; fileRef = 2CBE2E3A252CC90B002FD9B2 /* app_demoUITests.swift */; };
/* End PBXBuildFile section */

/* Begin PBXContainerItemProxy section */
		2CBE2E2C252CC90B002FD9B2 /* PBXContainerItemProxy */ = {
			isa = PBXContainerItemProxy;
			containerPortal = 2CBE2E0D252CC90B002FD9B2 /* Project object */;
			proxyType = 1;
			remoteGlobalIDString = 2CBE2E14252CC90B002FD9B2;
			remoteInfo = "app demo";
		};
		2CBE2E37252CC90B002FD9B2 /* PBXContainerItemProxy */ = {
			isa = PBXContainerItemProxy;
			containerPortal = 2CBE2E0D252CC90B002FD9B2 /* Project object */;
			proxyType = 1;
			remoteGlobalIDString = 2CBE2E14252CC90B002FD9B2;
			remoteInfo = "app demo";
		};
/* End PBXContainerItemProxy section */

/* Begin PBXFileReference section */
		2CBE2E15252CC90B002FD9B2 /* app demo.app */ = {isa = PBXFileReference; explicitFileType = wrapper.application; includeInIndex = 0; path = "app demo.app"; sourceTree = BUILT_PRODUCTS_DIR; };
		2CBE2E18252CC90B002FD9B2 /* AppDelegate.swift */ = {isa = PBXFileReference; lastKnownFileType = sourcecode.swift; path = AppDelegate.swift; sourceTree = "<group>"; };
		2CBE2E1A252CC90B002FD9B2 /* SceneDelegate.swift */ = {isa = PBXFileReference; lastKnownFileType = sourcecode.swift; path = SceneDelegate.swift; sourceTree = "<group>"; };
		2CBE2E1C252CC90B002FD9B2 /* ViewController.swift */ = {isa = PBXFileReference; lastKnownFileType = sourcecode.swift; path = ViewController.swift; sourceTree = "<group>"; };
		2CBE2E1F252CC90B002FD9B2 /* Base */ = {isa = PBXFileReference; lastKnownFileType = file.storyboard; name = Base; path = Base.lproj/Main.storyboard; sourceTree = "<group>"; };
		2CBE2E21252CC90B002FD9B2 /* Assets.xcassets */ = {isa = PBXFileReference; lastKnownFileType = folder.assetcatalog; path = Assets.xcassets; sourceTree = "<group>"; };
		2CBE2E24252CC90B002FD9B2 /* Base */ = {isa = PBXFileReference; lastKnownFileType = file.storyboard; name = Base; path = Base.lproj/LaunchScreen.storyboard; sourceTree = "<group>"; };
		2CBE2E26252CC90B002FD9B2 /* Info.plist */ = {isa = PBXFileReference; lastKnownFileType = text.plist.xml; path = Info.plist; sourceTree = "<group>"; };
		2CBE2E2B252CC90B002FD9B2 /* app demoTests.xctest */ = {isa = PBXFileReference; explicitFileType = wrapper.cfbundle; includeInIndex = 0; path = "app demoTests.xctest"; sourceTree = BUILT_PRODUCTS_DIR; };
		2CBE2E2F252CC90B002FD9B2 /* app_demoTests.swift */ = {isa = PBXFileReference; lastKnownFileType = sourcecode.swift; path = app_demoTests.swift; sourceTree = "<group>"; };
		2CBE2E31252CC90B002FD9B2 /* Info.plist */ = {isa = PBXFileReference; lastKnownFileType = text.plist.xml; path = Info.plist; sourceTree = "<group>"; };
		2CBE2E36252CC90B002FD9B2 /* app demoUITests.xctest */ = {isa = PBXFileReference; explicitFileType = wrapper.cfbundle; includeInIndex = 0; path = "app demoUITests.xctest"; sourceTree = BUILT_PRODUCTS_DIR; };
		2CBE2E3A252CC90B002FD9B2 /* app_demoUITests.swift */ = {isa = PBXFileReference; lastKnownFileType = sourcecode.swift; path = app_demoUITests.swift; sourceTree = "<group>"; };
		2CBE2E3C252CC90B002FD9B2 /* Info.plist */ = {isa = PBXFileReference; lastKnownFileType = text.plist.xml; path = Info.plist; sourceTree = "<group>"; };
/* End PBXFileReference section */

/* Begin PBXFrameworksBuildPhase section */
		2CBE2E12252CC90B002FD9B2 /* Frameworks */ = {
			isa = PBXFrameworksBuildPhase;
			buildActionMask = 2147483647;
			files = (
			);
			runOnlyForDeploymentPostprocessing = 0;
		};
		2CBE2E28252CC90B002FD9B2 /* Frameworks */ = {
			isa = PBXFrameworksBuildPhase;
			buildActionMask = 2147483647;
			files = (
			);
			runOnlyForDeploymentPostprocessing = 0;
		};
		2CBE2E33252CC90B002FD9B2 /* Frameworks */ = {
			isa = PBXFrameworksBuildPhase;
			buildActionMask = 2147483647;
			files = (
			);
			runOnlyForDeploymentPostprocessing = 0;
		};
/* End PBXFrameworksBuildPhase section */

/* Begin PBXGroup section */
		2CBE2E0C252CC90B002FD9B2 = {
			isa = PBXGroup;
			children = (
				2CBE2E17252CC90B002FD9B2 /* app demo */,
				2CBE2E2E252CC90B002FD9B2 /* app demoTests */,
				2CBE2E39252CC90B002FD9B2 /* app demoUITests */,
				2CBE2E16252CC90B002FD9B2 /* Products */,
			);
			sourceTree = "<group>";
		};
		2CBE2E16252CC90B002FD9B2 /* Products */ = {
			isa = PBXGroup;
			children = (
				2CBE2E15252CC90B002FD9B2 /* app demo.app */,
				2CBE2E2B252CC90B002FD9B2 /* app demoTests.xctest */,
				2CBE2E36252CC90B002FD9B2 /* app demoUITests.xctest */,
			);
			name = Products;
			sourceTree = "<group>";
		};
		2CBE2E17252CC90B002FD9B2 /* app demo */ = {
			isa = PBXGroup;
			children = (
				2CBE2E18252CC90B002FD9B2 /* AppDelegate.swift */,
				2CBE2E1A252CC90B002FD9B2 /* SceneDelegate.swift */,
				2CBE2E1C252CC90B002FD9B2 /* ViewController.swift */,
				2CBE2E1E252CC90B002FD9B2 /* Main.storyboard */,
				2CBE2E21252CC90B002FD9B2 /* Assets.xcassets */,
				2CBE2E23252CC90B002FD9B2 /* LaunchScreen.storyboard */,
				2CBE2E26252CC90B002FD9B2 /* Info.plist */,
			);
			path = "app demo";
			sourceTree = "<group>";
		};
		2CBE2E2E252CC90B002FD9B2 /* app demoTests */ = {
			isa = PBXGroup;
			children = (
				2CBE2E2F252CC90B002FD9B2 /* app_demoTests.swift */,
				2CBE2E31252CC90B002FD9B2 /* Info.plist */,
			);
			path = "app demoTests";
			sourceTree = "<group>";
		};
		2CBE2E39252CC90B002FD9B2 /* app demoUITests */ = {
			isa = PBXGroup;
			children = (
				2CBE2E3A252CC90B002FD9B2 /* app_demoUITests.swift */,
				2CBE2E3C252CC90B002FD9B2 /* Info.plist */,
			);
			path = "app demoUITests";
			sourceTree = "<group>";
		};
/* End PBXGroup section */

/* Begin PBXNativeTarget section */
		2CBE2E14252CC90B002FD9B2 /* app demo */ = {
			isa = PBXNativeTarget;
			buildConfigurationList = 2CBE2E3F252CC90B002FD9B2 /* Build configuration list for PBXNativeTarget "app demo" */;
			buildPhases = (
				2CBE2E11252CC90B002FD9B2 /* Sources */,
				2CBE2E12252CC90B002FD9B2 /* Frameworks */,
				2CBE2E13252CC90B002FD9B2 /* Resources */,
			);
			buildRules = (
			);
			dependencies = (
			);
			name = "app demo";
			productName = "app demo";
			productReference = 2CBE2E15252CC90B002FD9B2 /* app demo.app */;
			productType = "com.apple.product-type.application";
		};
		2CBE2E2A252CC90B002FD9B2 /* app demoTests */ = {
			isa = PBXNativeTarget;
			buildConfigurationList = 2CBE2E42252CC90B002FD9B2 /* Build configuration list for PBXNativeTarget "app demoTests" */;
			buildPhases = (
				2CBE2E27252CC90B002FD9B2 /* Sources */,
				2CBE2E28252CC90B002FD9B2 /* Frameworks */,
				2CBE2E29252CC90B002FD9B2 /* Resources */,
			);
			buildRules = (
			);
			dependencies = (
				2CBE2E2D252CC90B002FD9B2 /* PBXTargetDependency */,
			);
			name = "app demoTests";
			productName = "app demoTests";
			productReference = 2CBE2E2B252CC90B002FD9B2 /* app demoTests.xctest */;
			productType = "com.apple.product-type.bundle.unit-test";
		};
		2CBE2E35252CC90B002FD9B2 /* app demoUITests */ = {
			isa = PBXNativeTarget;
			buildConfigurationList = 2CBE2E45252CC90B002FD9B2 /* Build configuration list for PBXNativeTarget "app demoUITests" */;
			buildPhases = (
				2CBE2E32252CC90B002FD9B2 /* Sources */,
				2CBE2E33252CC90B002FD9B2 /* Frameworks */,
				2CBE2E34252CC90B002FD9B2 /* Resources */,
			);
			buildRules = (
			);
			dependencies = (
				2CBE2E38252CC90B002FD9B2 /* PBXTargetDependency */,
			);
			name = "app demoUITests";
			productName = "app demoUITests";
			productReference = 2CBE2E36252CC90B002FD9B2 /* app demoUITests.xctest */;
			productType = "com.apple.product-type.bundle.ui-testing";
		};
/* End PBXNativeTarget section */

/* Begin PBXProject section */
		2CBE2E0D252CC90B002FD9B2 /* Project object */ = {
			isa = PBXProject;
			attributes = {
				LastSwiftUpdateCheck = 1200;
				LastUpgradeCheck = 1200;
				TargetAttributes = {
					2CBE2E14252CC90B002FD9B2 = {
						CreatedOnToolsVersion = 12.0.1;
					};
					2CBE2E2A252CC90B002FD9B2 = {
						CreatedOnToolsVersion = 12.0.1;
						TestTargetID = 2CBE2E14252CC90B002FD9B2;
					};
					2CBE2E35252CC90B002FD9B2 = {
						CreatedOnToolsVersion = 12.0.1;
						TestTargetID = 2CBE2E14252CC90B002FD9B2;
					};
				};
			};
			buildConfigurationList = 2CBE2E10252CC90B002FD9B2 /* Build configuration list for PBXProject "app demo" */;
			compatibilityVersion = "Xcode 9.3";
			developmentRegion = en;
			hasScannedForEncodings = 0;
			knownRegions = (
				en,
				Base,
			);
			mainGroup = 2CBE2E0C252CC90B002FD9B2;
			productRefGroup = 2CBE2E16252CC90B002FD9B2 /* Products */;
			projectDirPath = "";
			projectRoot = "";
			targets = (
				2CBE2E14252CC90B002FD9B2 /* app demo */,
				2CBE2E2A252CC90B002FD9B2 /* app demoTests */,
				2CBE2E35252CC90B002FD9B2 /* app demoUITests */,
			);
		};
/* End PBXProject section */

/* Begin PBXResourcesBuildPhase section */
		2CBE2E13252CC90B002FD9B2 /* Resources */ = {
			isa = PBXResourcesBuildPhase;
			buildActionMask = 2147483647;
			files = (
				2CBE2E25252CC90B002FD9B2 /* LaunchScreen.storyboard in Resources */,
				2CBE2E22252CC90B002FD9B2 /* Assets.xcassets in Resources */,
				2CBE2E20252CC90B002FD9B2 /* Main.storyboard in Resources */,
			);
			runOnlyForDeploymentPostprocessing = 0;
		};
		2CBE2E29252CC90B002FD9B2 /* Resources */ = {
			isa = PBXResourcesBuildPhase;
			buildActionMask = 2147483647;
			files = (
			);
			runOnlyForDeploymentPostprocessing = 0;
		};
		2CBE2E34252CC90B002FD9B2 /* Resources */ = {
			isa = PBXResourcesBuildPhase;
			buildActionMask = 2147483647;
			files = (
			);
			runOnlyForDeploymentPostprocessing = 0;
		};
/* End PBXResourcesBuildPhase section */

/* Begin PBXSourcesBuildPhase section */
		2CBE2E11252CC90B002FD9B2 /* Sources */ = {
			isa = PBXSourcesBuildPhase;
			buildActionMask = 2147483647;
			files = (
				2CBE2E1D252CC90B002FD9B2 /* ViewController.swift in Sources */,
				2CBE2E19252CC90B002FD9B2 /* AppDelegate.swift in Sources */,
				2CBE2E1B252CC90B002FD9B2 /* SceneDelegate.swift in Sources */,
			);
			runOnlyForDeploymentPostprocessing = 0;
		};
		2CBE2E27252CC90B002FD9B2 /* Sources */ = {
			isa = PBXSourcesBuildPhase;
			buildActionMask = 2147483647;
			files = (
				2CBE2E30252CC90B002FD9B2 /* app_demoTests.swift in Sources */,
			);
			runOnlyForDeploymentPostprocessing = 0;
		};
		2CBE2E32252CC90B002FD9B2 /* Sources */ = {
			isa = PBXSourcesBuildPhase;
			buildActionMask = 2147483647;
			files = (
				2CBE2E3B252CC90B002FD9B2 /* app_demoUITests.swift in Sources */,
			);
			runOnlyForDeploymentPostprocessing = 0;
		};
/* End PBXSourcesBuildPhase section */

/* Begin PBXTargetDependency section */
		2CBE2E2D252CC90B002FD9B2 /* PBXTargetDependency */ = {
			isa = PBXTargetDependency;
			target = 2CBE2E14252CC90B002FD9B2 /* app demo */;
			targetProxy = 2CBE2E2C252CC90B002FD9B2 /* PBXContainerItemProxy */;
		};
		2CBE2E38252CC90B002FD9B2 /* PBXTargetDependency */ = {
			isa = PBXTargetDependency;
			target = 2CBE2E14252CC90B002FD9B2 /* app demo */;
			targetProxy = 2CBE2E37252CC90B002FD9B2 /* PBXContainerItemProxy */;
		};
/* End PBXTargetDependency section */

/* Begin PBXVariantGroup section */
		2CBE2E1E252CC90B002FD9B2 /* Main.storyboard */ = {
			isa = PBXVariantGroup;
			children = (
				2CBE2E1F252CC90B002FD9B2 /* Base */,
			);
			name = Main.storyboard;
			sourceTree = "<group>";
		};
		2CBE2E23252CC90B002FD9B2 /* LaunchScreen.storyboard */ = {
			isa = PBXVariantGroup;
			children = (
				2CBE2E24252CC90B002FD9B2 /* Base */,
			);
			name = LaunchScreen.storyboard;
			sourceTree = "<group>";
		};
/* End PBXVariantGroup section */

/* Begin XCBuildConfiguration section */
		2CBE2E3D252CC90B002FD9B2 /* Debug */ = {
			isa = XCBuildConfiguration;
			buildSettings = {
				ALWAYS_SEARCH_USER_PATHS = NO;
				CLANG_ANALYZER_NONNULL = YES;
				CLANG_ANALYZER_NUMBER_OBJECT_CONVERSION = YES_AGGRESSIVE;
				CLANG_CXX_LANGUAGE_STANDARD = "gnu++14";
				CLANG_CXX_LIBRARY = "libc++";
				CLANG_ENABLE_MODULES = YES;
				CLANG_ENABLE_OBJC_ARC = YES;
				CLANG_ENABLE_OBJC_WEAK = YES;
				CLANG_WARN_BLOCK_CAPTURE_AUTORELEASING = YES;
				CLANG_WARN_BOOL_CONVERSION = YES;
				CLANG_WARN_COMMA = YES;
				CLANG_WARN_CONSTANT_CONVERSION = YES;
				CLANG_WARN_DEPRECATED_OBJC_IMPLEMENTATIONS = YES;
				CLANG_WARN_DIRECT_OBJC_ISA_USAGE = YES_ERROR;
				CLANG_WARN_DOCUMENTATION_COMMENTS = YES;
				CLANG_WARN_EMPTY_BODY = YES;
				CLANG_WARN_ENUM_CONVERSION = YES;
				CLANG_WARN_INFINITE_RECURSION = YES;
				CLANG_WARN_INT_CONVERSION = YES;
				CLANG_WARN_NON_LITERAL_NULL_CONVERSION = YES;
				CLANG_WARN_OBJC_IMPLICIT_RETAIN_SELF = YES;
				CLANG_WARN_OBJC_LITERAL_CONVERSION = YES;
				CLANG_WARN_OBJC_ROOT_CLASS = YES_ERROR;
				CLANG_WARN_QUOTED_INCLUDE_IN_FRAMEWORK_HEADER = YES;
				CLANG_WARN_RANGE_LOOP_ANALYSIS = YES;
				CLANG_WARN_STRICT_PROTOTYPES = YES;
				CLANG_WARN_SUSPICIOUS_MOVE = YES;
				CLANG_WARN_UNGUARDED_AVAILABILITY = YES_AGGRESSIVE;
				CLANG_WARN_UNREACHABLE_CODE = YES;
				CLANG_WARN__DUPLICATE_METHOD_MATCH = YES;
				COPY_PHASE_STRIP = NO;
				DEBUG_INFORMATION_FORMAT = dwarf;
				ENABLE_STRICT_OBJC_MSGSEND = YES;
				ENABLE_TESTABILITY = YES;
				GCC_C_LANGUAGE_STANDARD = gnu11;
				GCC_DYNAMIC_NO_PIC = NO;
				GCC_NO_COMMON_BLOCKS = YES;
				GCC_OPTIMIZATION_LEVEL = 0;
				GCC_PREPROCESSOR_DEFINITIONS = (
					"DEBUG=1",
					"$(inherited)",
				);
				GCC_WARN_64_TO_32_BIT_CONVERSION = YES;
				GCC_WARN_ABOUT_RETURN_TYPE = YES_ERROR;
				GCC_WARN_UNDECLARED_SELECTOR = YES;
				GCC_WARN_UNINITIALIZED_AUTOS = YES_AGGRESSIVE;
				GCC_WARN_UNUSED_FUNCTION = YES;
				GCC_WARN_UNUSED_VARIABLE = YES;
				IPHONEOS_DEPLOYMENT_TARGET = 14.0;
				MTL_ENABLE_DEBUG_INFO = INCLUDE_SOURCE;
				MTL_FAST_MATH = YES;
				ONLY_ACTIVE_ARCH = YES;
				SDKROOT = iphoneos;
				SWIFT_ACTIVE_COMPILATION_CONDITIONS = DEBUG;
				SWIFT_OPTIMIZATION_LEVEL = "-Onone";
			};
			name = Debug;
		};
		2CBE2E3E252CC90B002FD9B2 /* Release */ = {
			isa = XCBuildConfiguration;
			buildSettings = {
				ALWAYS_SEARCH_USER_PATHS = NO;
				CLANG_ANALYZER_NONNULL = YES;
				CLANG_ANALYZER_NUMBER_OBJECT_CONVERSION = YES_AGGRESSIVE;
				CLANG_CXX_LANGUAGE_STANDARD = "gnu++14";
				CLANG_CXX_LIBRARY = "libc++";
				CLANG_ENABLE_MODULES = YES;
				CLANG_ENABLE_OBJC_ARC = YES;
				CLANG_ENABLE_OBJC_WEAK = YES;
				CLANG_WARN_BLOCK_CAPTURE_AUTORELEASING = YES;
				CLANG_WARN_BOOL_CONVERSION = YES;
				CLANG_WARN_COMMA = YES;
				CLANG_WARN_CONSTANT_CONVERSION = YES;
				CLANG_WARN_DEPRECATED_OBJC_IMPLEMENTATIONS = YES;
				CLANG_WARN_DIRECT_OBJC_ISA_USAGE = YES_ERROR;
				CLANG_WARN_DOCUMENTATION_COMMENTS = YES;
				CLANG_WARN_EMPTY_BODY = YES;
				CLANG_WARN_ENUM_CONVERSION = YES;
				CLANG_WARN_INFINITE_RECURSION = YES;
				CLANG_WARN_INT_CONVERSION = YES;
				CLANG_WARN_NON_LITERAL_NULL_CONVERSION = YES;
				CLANG_WARN_OBJC_IMPLICIT_RETAIN_SELF = YES;
				CLANG_WARN_OBJC_LITERAL_CONVERSION = YES;
				CLANG_WARN_OBJC_ROOT_CLASS = YES_ERROR;
				CLANG_WARN_QUOTED_INCLUDE_IN_FRAMEWORK_HEADER = YES;
				CLANG_WARN_RANGE_LOOP_ANALYSIS = YES;
				CLANG_WARN_STRICT_PROTOTYPES = YES;
				CLANG_WARN_SUSPICIOUS_MOVE = YES;
				CLANG_WARN_UNGUARDED_AVAILABILITY = YES_AGGRESSIVE;
				CLANG_WARN_UNREACHABLE_CODE = YES;
				CLANG_WARN__DUPLICATE_METHOD_MATCH = YES;
				COPY_PHASE_STRIP = NO;
				DEBUG_INFORMATION_FORMAT = "dwarf-with-dsym";
				ENABLE_NS_ASSERTIONS = NO;
				ENABLE_STRICT_OBJC_MSGSEND = YES;
				GCC_C_LANGUAGE_STANDARD = gnu11;
				GCC_NO_COMMON_BLOCKS = YES;
				GCC_WARN_64_TO_32_BIT_CONVERSION = YES;
				GCC_WARN_ABOUT_RETURN_TYPE = YES_ERROR;
				GCC_WARN_UNDECLARED_SELECTOR = YES;
				GCC_WARN_UNINITIALIZED_AUTOS = YES_AGGRESSIVE;
				GCC_WARN_UNUSED_FUNCTION = YES;
				GCC_WARN_UNUSED_VARIABLE = YES;
				IPHONEOS_DEPLOYMENT_TARGET = 14.0;
				MTL_ENABLE_DEBUG_INFO = NO;
				MTL_FAST_MATH = YES;
				SDKROOT = iphoneos;
				SWIFT_COMPILATION_MODE = wholemodule;
				SWIFT_OPTIMIZATION_LEVEL = "-O";
				VALIDATE_PRODUCT = YES;
			};
			name = Release;
		};
		2CBE2E40252CC90B002FD9B2 /* Debug */ = {
			isa = XCBuildConfiguration;
			buildSettings = {
				ASSETCATALOG_COMPILER_APPICON_NAME = AppIcon;
				ASSETCATALOG_COMPILER_GLOBAL_ACCENT_COLOR_NAME = AccentColor;
				CODE_SIGN_STYLE = Automatic;
				DEVELOPMENT_TEAM = NP2MGYX5PG;
				INFOPLIST_FILE = "app demo/Info.plist";
				LD_RUNPATH_SEARCH_PATHS = (
					"$(inherited)",
					"@executable_path/Frameworks",
				);
				PRODUCT_BUNDLE_IDENTIFIER = "Hyeongyu.app-demo";
				PRODUCT_NAME = "$(TARGET_NAME)";
				SWIFT_VERSION = 5.0;
				TARGETED_DEVICE_FAMILY = "1,2";
			};
			name = Debug;
		};
		2CBE2E41252CC90B002FD9B2 /* Release */ = {
			isa = XCBuildConfiguration;
			buildSettings = {
				ASSETCATALOG_COMPILER_APPICON_NAME = AppIcon;
				ASSETCATALOG_COMPILER_GLOBAL_ACCENT_COLOR_NAME = AccentColor;
				CODE_SIGN_STYLE = Automatic;
				DEVELOPMENT_TEAM = NP2MGYX5PG;
				INFOPLIST_FILE = "app demo/Info.plist";
				LD_RUNPATH_SEARCH_PATHS = (
					"$(inherited)",
					"@executable_path/Frameworks",
				);
				PRODUCT_BUNDLE_IDENTIFIER = "Hyeongyu.app-demo";
				PRODUCT_NAME = "$(TARGET_NAME)";
				SWIFT_VERSION = 5.0;
				TARGETED_DEVICE_FAMILY = "1,2";
			};
			name = Release;
		};
		2CBE2E43252CC90B002FD9B2 /* Debug */ = {
			isa = XCBuildConfiguration;
			buildSettings = {
				ALWAYS_EMBED_SWIFT_STANDARD_LIBRARIES = YES;
				BUNDLE_LOADER = "$(TEST_HOST)";
				CODE_SIGN_STYLE = Automatic;
				DEVELOPMENT_TEAM = NP2MGYX5PG;
				INFOPLIST_FILE = "app demoTests/Info.plist";
				IPHONEOS_DEPLOYMENT_TARGET = 14.0;
				LD_RUNPATH_SEARCH_PATHS = (
					"$(inherited)",
					"@executable_path/Frameworks",
					"@loader_path/Frameworks",
				);
				PRODUCT_BUNDLE_IDENTIFIER = "Hyeongyu.app-demoTests";
				PRODUCT_NAME = "$(TARGET_NAME)";
				SWIFT_VERSION = 5.0;
				TARGETED_DEVICE_FAMILY = "1,2";
				TEST_HOST = "$(BUILT_PRODUCTS_DIR)/app demo.app/app demo";
			};
			name = Debug;
		};
		2CBE2E44252CC90B002FD9B2 /* Release */ = {
			isa = XCBuildConfiguration;
			buildSettings = {
				ALWAYS_EMBED_SWIFT_STANDARD_LIBRARIES = YES;
				BUNDLE_LOADER = "$(TEST_HOST)";
				CODE_SIGN_STYLE = Automatic;
				DEVELOPMENT_TEAM = NP2MGYX5PG;
				INFOPLIST_FILE = "app demoTests/Info.plist";
				IPHONEOS_DEPLOYMENT_TARGET = 14.0;
				LD_RUNPATH_SEARCH_PATHS = (
					"$(inherited)",
					"@executable_path/Frameworks",
					"@loader_path/Frameworks",
				);
				PRODUCT_BUNDLE_IDENTIFIER = "Hyeongyu.app-demoTests";
				PRODUCT_NAME = "$(TARGET_NAME)";
				SWIFT_VERSION = 5.0;
				TARGETED_DEVICE_FAMILY = "1,2";
				TEST_HOST = "$(BUILT_PRODUCTS_DIR)/app demo.app/app demo";
			};
			name = Release;
		};
		2CBE2E46252CC90B002FD9B2 /* Debug */ = {
			isa = XCBuildConfiguration;
			buildSettings = {
				ALWAYS_EMBED_SWIFT_STANDARD_LIBRARIES = YES;
				CODE_SIGN_STYLE = Automatic;
				DEVELOPMENT_TEAM = NP2MGYX5PG;
				INFOPLIST_FILE = "app demoUITests/Info.plist";
				LD_RUNPATH_SEARCH_PATHS = (
					"$(inherited)",
					"@executable_path/Frameworks",
					"@loader_path/Frameworks",
				);
				PRODUCT_BUNDLE_IDENTIFIER = "Hyeongyu.app-demoUITests";
				PRODUCT_NAME = "$(TARGET_NAME)";
				SWIFT_VERSION = 5.0;
				TARGETED_DEVICE_FAMILY = "1,2";
				TEST_TARGET_NAME = "app demo";
			};
			name = Debug;
		};
		2CBE2E47252CC90B002FD9B2 /* Release */ = {
			isa = XCBuildConfiguration;
			buildSettings = {
				ALWAYS_EMBED_SWIFT_STANDARD_LIBRARIES = YES;
				CODE_SIGN_STYLE = Automatic;
				DEVELOPMENT_TEAM = NP2MGYX5PG;
				INFOPLIST_FILE = "app demoUITests/Info.plist";
				LD_RUNPATH_SEARCH_PATHS = (
					"$(inherited)",
					"@executable_path/Frameworks",
					"@loader_path/Frameworks",
				);
				PRODUCT_BUNDLE_IDENTIFIER = "Hyeongyu.app-demoUITests";
				PRODUCT_NAME = "$(TARGET_NAME)";
				SWIFT_VERSION = 5.0;
				TARGETED_DEVICE_FAMILY = "1,2";
				TEST_TARGET_NAME = "app demo";
			};
			name = Release;
		};
/* End XCBuildConfiguration section */

/* Begin XCConfigurationList section */
		2CBE2E10252CC90B002FD9B2 /* Build configuration list for PBXProject "app demo" */ = {
			isa = XCConfigurationList;
			buildConfigurations = (
				2CBE2E3D252CC90B002FD9B2 /* Debug */,
				2CBE2E3E252CC90B002FD9B2 /* Release */,
			);
			defaultConfigurationIsVisible = 0;
			defaultConfigurationName = Release;
		};
		2CBE2E3F252CC90B002FD9B2 /* Build configuration list for PBXNativeTarget "app demo" */ = {
			isa = XCConfigurationList;
			buildConfigurations = (
				2CBE2E40252CC90B002FD9B2 /* Debug */,
				2CBE2E41252CC90B002FD9B2 /* Release */,
			);
			defaultConfigurationIsVisible = 0;
			defaultConfigurationName = Release;
		};
		2CBE2E42252CC90B002FD9B2 /* Build configuration list for PBXNativeTarget "app demoTests" */ = {
			isa = XCConfigurationList;
			buildConfigurations = (
				2CBE2E43252CC90B002FD9B2 /* Debug */,
				2CBE2E44252CC90B002FD9B2 /* Release */,
			);
			defaultConfigurationIsVisible = 0;
			defaultConfigurationName = Release;
		};
		2CBE2E45252CC90B002FD9B2 /* Build configuration list for PBXNativeTarget "app demoUITests" */ = {
			isa = XCConfigurationList;
			buildConfigurations = (
				2CBE2E46252CC90B002FD9B2 /* Debug */,
				2CBE2E47252CC90B002FD9B2 /* Release */,
			);
			defaultConfigurationIsVisible = 0;
			defaultConfigurationName = Release;
		};
/* End XCConfigurationList section */
	};
	rootObject = 2CBE2E0D252CC90B002FD9B2 /* Project object */;
}
