// !$*UTF8*$!
{
	archiveVersion = 1;
	classes = {
	};
	objectVersion = 50;
	objects = {

/* Begin PBXBuildFile section */
		2C2B6C7D2515F36400044638 /* AppDelegate.swift in Sources */ = {isa = PBXBuildFile; fileRef = 2C2B6C7C2515F36400044638 /* AppDelegate.swift */; };
		2C2B6C7F2515F36400044638 /* SceneDelegate.swift in Sources */ = {isa = PBXBuildFile; fileRef = 2C2B6C7E2515F36400044638 /* SceneDelegate.swift */; };
		2C2B6C812515F36400044638 /* ViewController.swift in Sources */ = {isa = PBXBuildFile; fileRef = 2C2B6C802515F36400044638 /* ViewController.swift */; };
		2C2B6C842515F36400044638 /* Main.storyboard in Resources */ = {isa = PBXBuildFile; fileRef = 2C2B6C822515F36400044638 /* Main.storyboard */; };
		2C2B6C862515F36500044638 /* Assets.xcassets in Resources */ = {isa = PBXBuildFile; fileRef = 2C2B6C852515F36500044638 /* Assets.xcassets */; };
		2C2B6C892515F36500044638 /* LaunchScreen.storyboard in Resources */ = {isa = PBXBuildFile; fileRef = 2C2B6C872515F36500044638 /* LaunchScreen.storyboard */; };
		2C2B6C942515F36500044638 /* First_ios_appTests.swift in Sources */ = {isa = PBXBuildFile; fileRef = 2C2B6C932515F36500044638 /* First_ios_appTests.swift */; };
		2C2B6C9F2515F36500044638 /* First_ios_appUITests.swift in Sources */ = {isa = PBXBuildFile; fileRef = 2C2B6C9E2515F36500044638 /* First_ios_appUITests.swift */; };
/* End PBXBuildFile section */

/* Begin PBXContainerItemProxy section */
		2C2B6C902515F36500044638 /* PBXContainerItemProxy */ = {
			isa = PBXContainerItemProxy;
			containerPortal = 2C2B6C712515F36400044638 /* Project object */;
			proxyType = 1;
			remoteGlobalIDString = 2C2B6C782515F36400044638;
			remoteInfo = "First ios app";
		};
		2C2B6C9B2515F36500044638 /* PBXContainerItemProxy */ = {
			isa = PBXContainerItemProxy;
			containerPortal = 2C2B6C712515F36400044638 /* Project object */;
			proxyType = 1;
			remoteGlobalIDString = 2C2B6C782515F36400044638;
			remoteInfo = "First ios app";
		};
/* End PBXContainerItemProxy section */

/* Begin PBXFileReference section */
		2C2B6C792515F36400044638 /* First ios app.app */ = {isa = PBXFileReference; explicitFileType = wrapper.application; includeInIndex = 0; path = "First ios app.app"; sourceTree = BUILT_PRODUCTS_DIR; };
		2C2B6C7C2515F36400044638 /* AppDelegate.swift */ = {isa = PBXFileReference; lastKnownFileType = sourcecode.swift; path = AppDelegate.swift; sourceTree = "<group>"; };
		2C2B6C7E2515F36400044638 /* SceneDelegate.swift */ = {isa = PBXFileReference; lastKnownFileType = sourcecode.swift; path = SceneDelegate.swift; sourceTree = "<group>"; };
		2C2B6C802515F36400044638 /* ViewController.swift */ = {isa = PBXFileReference; lastKnownFileType = sourcecode.swift; path = ViewController.swift; sourceTree = "<group>"; };
		2C2B6C832515F36400044638 /* Base */ = {isa = PBXFileReference; lastKnownFileType = file.storyboard; name = Base; path = Base.lproj/Main.storyboard; sourceTree = "<group>"; };
		2C2B6C852515F36500044638 /* Assets.xcassets */ = {isa = PBXFileReference; lastKnownFileType = folder.assetcatalog; path = Assets.xcassets; sourceTree = "<group>"; };
		2C2B6C882515F36500044638 /* Base */ = {isa = PBXFileReference; lastKnownFileType = file.storyboard; name = Base; path = Base.lproj/LaunchScreen.storyboard; sourceTree = "<group>"; };
		2C2B6C8A2515F36500044638 /* Info.plist */ = {isa = PBXFileReference; lastKnownFileType = text.plist.xml; path = Info.plist; sourceTree = "<group>"; };
		2C2B6C8F2515F36500044638 /* First ios appTests.xctest */ = {isa = PBXFileReference; explicitFileType = wrapper.cfbundle; includeInIndex = 0; path = "First ios appTests.xctest"; sourceTree = BUILT_PRODUCTS_DIR; };
		2C2B6C932515F36500044638 /* First_ios_appTests.swift */ = {isa = PBXFileReference; lastKnownFileType = sourcecode.swift; path = First_ios_appTests.swift; sourceTree = "<group>"; };
		2C2B6C952515F36500044638 /* Info.plist */ = {isa = PBXFileReference; lastKnownFileType = text.plist.xml; path = Info.plist; sourceTree = "<group>"; };
		2C2B6C9A2515F36500044638 /* First ios appUITests.xctest */ = {isa = PBXFileReference; explicitFileType = wrapper.cfbundle; includeInIndex = 0; path = "First ios appUITests.xctest"; sourceTree = BUILT_PRODUCTS_DIR; };
		2C2B6C9E2515F36500044638 /* First_ios_appUITests.swift */ = {isa = PBXFileReference; lastKnownFileType = sourcecode.swift; path = First_ios_appUITests.swift; sourceTree = "<group>"; };
		2C2B6CA02515F36500044638 /* Info.plist */ = {isa = PBXFileReference; lastKnownFileType = text.plist.xml; path = Info.plist; sourceTree = "<group>"; };
/* End PBXFileReference section */

/* Begin PBXFrameworksBuildPhase section */
		2C2B6C762515F36400044638 /* Frameworks */ = {
			isa = PBXFrameworksBuildPhase;
			buildActionMask = 2147483647;
			files = (
			);
			runOnlyForDeploymentPostprocessing = 0;
		};
		2C2B6C8C2515F36500044638 /* Frameworks */ = {
			isa = PBXFrameworksBuildPhase;
			buildActionMask = 2147483647;
			files = (
			);
			runOnlyForDeploymentPostprocessing = 0;
		};
		2C2B6C972515F36500044638 /* Frameworks */ = {
			isa = PBXFrameworksBuildPhase;
			buildActionMask = 2147483647;
			files = (
			);
			runOnlyForDeploymentPostprocessing = 0;
		};
/* End PBXFrameworksBuildPhase section */

/* Begin PBXGroup section */
		2C2B6C702515F36400044638 = {
			isa = PBXGroup;
			children = (
				2C2B6C7B2515F36400044638 /* First ios app */,
				2C2B6C922515F36500044638 /* First ios appTests */,
				2C2B6C9D2515F36500044638 /* First ios appUITests */,
				2C2B6C7A2515F36400044638 /* Products */,
			);
			sourceTree = "<group>";
		};
		2C2B6C7A2515F36400044638 /* Products */ = {
			isa = PBXGroup;
			children = (
				2C2B6C792515F36400044638 /* First ios app.app */,
				2C2B6C8F2515F36500044638 /* First ios appTests.xctest */,
				2C2B6C9A2515F36500044638 /* First ios appUITests.xctest */,
			);
			name = Products;
			sourceTree = "<group>";
		};
		2C2B6C7B2515F36400044638 /* First ios app */ = {
			isa = PBXGroup;
			children = (
				2C2B6C7C2515F36400044638 /* AppDelegate.swift */,
				2C2B6C7E2515F36400044638 /* SceneDelegate.swift */,
				2C2B6C802515F36400044638 /* ViewController.swift */,
				2C2B6C822515F36400044638 /* Main.storyboard */,
				2C2B6C852515F36500044638 /* Assets.xcassets */,
				2C2B6C872515F36500044638 /* LaunchScreen.storyboard */,
				2C2B6C8A2515F36500044638 /* Info.plist */,
			);
			path = "First ios app";
			sourceTree = "<group>";
		};
		2C2B6C922515F36500044638 /* First ios appTests */ = {
			isa = PBXGroup;
			children = (
				2C2B6C932515F36500044638 /* First_ios_appTests.swift */,
				2C2B6C952515F36500044638 /* Info.plist */,
			);
			path = "First ios appTests";
			sourceTree = "<group>";
		};
		2C2B6C9D2515F36500044638 /* First ios appUITests */ = {
			isa = PBXGroup;
			children = (
				2C2B6C9E2515F36500044638 /* First_ios_appUITests.swift */,
				2C2B6CA02515F36500044638 /* Info.plist */,
			);
			path = "First ios appUITests";
			sourceTree = "<group>";
		};
/* End PBXGroup section */

/* Begin PBXNativeTarget section */
		2C2B6C782515F36400044638 /* First ios app */ = {
			isa = PBXNativeTarget;
			buildConfigurationList = 2C2B6CA32515F36500044638 /* Build configuration list for PBXNativeTarget "First ios app" */;
			buildPhases = (
				2C2B6C752515F36400044638 /* Sources */,
				2C2B6C762515F36400044638 /* Frameworks */,
				2C2B6C772515F36400044638 /* Resources */,
			);
			buildRules = (
			);
			dependencies = (
			);
			name = "First ios app";
			productName = "First ios app";
			productReference = 2C2B6C792515F36400044638 /* First ios app.app */;
			productType = "com.apple.product-type.application";
		};
		2C2B6C8E2515F36500044638 /* First ios appTests */ = {
			isa = PBXNativeTarget;
			buildConfigurationList = 2C2B6CA62515F36500044638 /* Build configuration list for PBXNativeTarget "First ios appTests" */;
			buildPhases = (
				2C2B6C8B2515F36500044638 /* Sources */,
				2C2B6C8C2515F36500044638 /* Frameworks */,
				2C2B6C8D2515F36500044638 /* Resources */,
			);
			buildRules = (
			);
			dependencies = (
				2C2B6C912515F36500044638 /* PBXTargetDependency */,
			);
			name = "First ios appTests";
			productName = "First ios appTests";
			productReference = 2C2B6C8F2515F36500044638 /* First ios appTests.xctest */;
			productType = "com.apple.product-type.bundle.unit-test";
		};
		2C2B6C992515F36500044638 /* First ios appUITests */ = {
			isa = PBXNativeTarget;
			buildConfigurationList = 2C2B6CA92515F36500044638 /* Build configuration list for PBXNativeTarget "First ios appUITests" */;
			buildPhases = (
				2C2B6C962515F36500044638 /* Sources */,
				2C2B6C972515F36500044638 /* Frameworks */,
				2C2B6C982515F36500044638 /* Resources */,
			);
			buildRules = (
			);
			dependencies = (
				2C2B6C9C2515F36500044638 /* PBXTargetDependency */,
			);
			name = "First ios appUITests";
			productName = "First ios appUITests";
			productReference = 2C2B6C9A2515F36500044638 /* First ios appUITests.xctest */;
			productType = "com.apple.product-type.bundle.ui-testing";
		};
/* End PBXNativeTarget section */

/* Begin PBXProject section */
		2C2B6C712515F36400044638 /* Project object */ = {
			isa = PBXProject;
			attributes = {
				LastSwiftUpdateCheck = 1170;
				LastUpgradeCheck = 1170;
				ORGANIZATIONNAME = "임현규";
				TargetAttributes = {
					2C2B6C782515F36400044638 = {
						CreatedOnToolsVersion = 11.7;
					};
					2C2B6C8E2515F36500044638 = {
						CreatedOnToolsVersion = 11.7;
						TestTargetID = 2C2B6C782515F36400044638;
					};
					2C2B6C992515F36500044638 = {
						CreatedOnToolsVersion = 11.7;
						TestTargetID = 2C2B6C782515F36400044638;
					};
				};
			};
			buildConfigurationList = 2C2B6C742515F36400044638 /* Build configuration list for PBXProject "First ios app" */;
			compatibilityVersion = "Xcode 9.3";
			developmentRegion = en;
			hasScannedForEncodings = 0;
			knownRegions = (
				en,
				Base,
			);
			mainGroup = 2C2B6C702515F36400044638;
			productRefGroup = 2C2B6C7A2515F36400044638 /* Products */;
			projectDirPath = "";
			projectRoot = "";
			targets = (
				2C2B6C782515F36400044638 /* First ios app */,
				2C2B6C8E2515F36500044638 /* First ios appTests */,
				2C2B6C992515F36500044638 /* First ios appUITests */,
			);
		};
/* End PBXProject section */

/* Begin PBXResourcesBuildPhase section */
		2C2B6C772515F36400044638 /* Resources */ = {
			isa = PBXResourcesBuildPhase;
			buildActionMask = 2147483647;
			files = (
				2C2B6C892515F36500044638 /* LaunchScreen.storyboard in Resources */,
				2C2B6C862515F36500044638 /* Assets.xcassets in Resources */,
				2C2B6C842515F36400044638 /* Main.storyboard in Resources */,
			);
			runOnlyForDeploymentPostprocessing = 0;
		};
		2C2B6C8D2515F36500044638 /* Resources */ = {
			isa = PBXResourcesBuildPhase;
			buildActionMask = 2147483647;
			files = (
			);
			runOnlyForDeploymentPostprocessing = 0;
		};
		2C2B6C982515F36500044638 /* Resources */ = {
			isa = PBXResourcesBuildPhase;
			buildActionMask = 2147483647;
			files = (
			);
			runOnlyForDeploymentPostprocessing = 0;
		};
/* End PBXResourcesBuildPhase section */

/* Begin PBXSourcesBuildPhase section */
		2C2B6C752515F36400044638 /* Sources */ = {
			isa = PBXSourcesBuildPhase;
			buildActionMask = 2147483647;
			files = (
				2C2B6C812515F36400044638 /* ViewController.swift in Sources */,
				2C2B6C7D2515F36400044638 /* AppDelegate.swift in Sources */,
				2C2B6C7F2515F36400044638 /* SceneDelegate.swift in Sources */,
			);
			runOnlyForDeploymentPostprocessing = 0;
		};
		2C2B6C8B2515F36500044638 /* Sources */ = {
			isa = PBXSourcesBuildPhase;
			buildActionMask = 2147483647;
			files = (
				2C2B6C942515F36500044638 /* First_ios_appTests.swift in Sources */,
			);
			runOnlyForDeploymentPostprocessing = 0;
		};
		2C2B6C962515F36500044638 /* Sources */ = {
			isa = PBXSourcesBuildPhase;
			buildActionMask = 2147483647;
			files = (
				2C2B6C9F2515F36500044638 /* First_ios_appUITests.swift in Sources */,
			);
			runOnlyForDeploymentPostprocessing = 0;
		};
/* End PBXSourcesBuildPhase section */

/* Begin PBXTargetDependency section */
		2C2B6C912515F36500044638 /* PBXTargetDependency */ = {
			isa = PBXTargetDependency;
			target = 2C2B6C782515F36400044638 /* First ios app */;
			targetProxy = 2C2B6C902515F36500044638 /* PBXContainerItemProxy */;
		};
		2C2B6C9C2515F36500044638 /* PBXTargetDependency */ = {
			isa = PBXTargetDependency;
			target = 2C2B6C782515F36400044638 /* First ios app */;
			targetProxy = 2C2B6C9B2515F36500044638 /* PBXContainerItemProxy */;
		};
/* End PBXTargetDependency section */

/* Begin PBXVariantGroup section */
		2C2B6C822515F36400044638 /* Main.storyboard */ = {
			isa = PBXVariantGroup;
			children = (
				2C2B6C832515F36400044638 /* Base */,
			);
			name = Main.storyboard;
			sourceTree = "<group>";
		};
		2C2B6C872515F36500044638 /* LaunchScreen.storyboard */ = {
			isa = PBXVariantGroup;
			children = (
				2C2B6C882515F36500044638 /* Base */,
			);
			name = LaunchScreen.storyboard;
			sourceTree = "<group>";
		};
/* End PBXVariantGroup section */

/* Begin XCBuildConfiguration section */
		2C2B6CA12515F36500044638 /* Debug */ = {
			isa = XCBuildConfiguration;
			buildSettings = {
				ALWAYS_SEARCH_USER_PATHS = NO;
				CLANG_ANALYZER_NONNULL = YES;
				CLANG_ANALYZER_NUMBER_OBJECT_CONVERSION = YES_AGGRESSIVE;
				CLANG_CXX_LANGUAGE_STANDARD = "gnu++14";
				CLANG_CXX_LIBRARY = "libc++";
				CLANG_ENABLE_MODULES = YES;
				CLANG_ENABLE_OBJC_ARC = YES;
				CLANG_ENABLE_OBJC_WEAK = YES;
				CLANG_WARN_BLOCK_CAPTURE_AUTORELEASING = YES;
				CLANG_WARN_BOOL_CONVERSION = YES;
				CLANG_WARN_COMMA = YES;
				CLANG_WARN_CONSTANT_CONVERSION = YES;
				CLANG_WARN_DEPRECATED_OBJC_IMPLEMENTATIONS = YES;
				CLANG_WARN_DIRECT_OBJC_ISA_USAGE = YES_ERROR;
				CLANG_WARN_DOCUMENTATION_COMMENTS = YES;
				CLANG_WARN_EMPTY_BODY = YES;
				CLANG_WARN_ENUM_CONVERSION = YES;
				CLANG_WARN_INFINITE_RECURSION = YES;
				CLANG_WARN_INT_CONVERSION = YES;
				CLANG_WARN_NON_LITERAL_NULL_CONVERSION = YES;
				CLANG_WARN_OBJC_IMPLICIT_RETAIN_SELF = YES;
				CLANG_WARN_OBJC_LITERAL_CONVERSION = YES;
				CLANG_WARN_OBJC_ROOT_CLASS = YES_ERROR;
				CLANG_WARN_RANGE_LOOP_ANALYSIS = YES;
				CLANG_WARN_STRICT_PROTOTYPES = YES;
				CLANG_WARN_SUSPICIOUS_MOVE = YES;
				CLANG_WARN_UNGUARDED_AVAILABILITY = YES_AGGRESSIVE;
				CLANG_WARN_UNREACHABLE_CODE = YES;
				CLANG_WARN__DUPLICATE_METHOD_MATCH = YES;
				COPY_PHASE_STRIP = NO;
				DEBUG_INFORMATION_FORMAT = dwarf;
				ENABLE_STRICT_OBJC_MSGSEND = YES;
				ENABLE_TESTABILITY = YES;
				GCC_C_LANGUAGE_STANDARD = gnu11;
				GCC_DYNAMIC_NO_PIC = NO;
				GCC_NO_COMMON_BLOCKS = YES;
				GCC_OPTIMIZATION_LEVEL = 0;
				GCC_PREPROCESSOR_DEFINITIONS = (
					"DEBUG=1",
					"$(inherited)",
				);
				GCC_WARN_64_TO_32_BIT_CONVERSION = YES;
				GCC_WARN_ABOUT_RETURN_TYPE = YES_ERROR;
				GCC_WARN_UNDECLARED_SELECTOR = YES;
				GCC_WARN_UNINITIALIZED_AUTOS = YES_AGGRESSIVE;
				GCC_WARN_UNUSED_FUNCTION = YES;
				GCC_WARN_UNUSED_VARIABLE = YES;
				IPHONEOS_DEPLOYMENT_TARGET = 13.7;
				MTL_ENABLE_DEBUG_INFO = INCLUDE_SOURCE;
				MTL_FAST_MATH = YES;
				ONLY_ACTIVE_ARCH = YES;
				SDKROOT = iphoneos;
				SWIFT_ACTIVE_COMPILATION_CONDITIONS = DEBUG;
				SWIFT_OPTIMIZATION_LEVEL = "-Onone";
			};
			name = Debug;
		};
		2C2B6CA22515F36500044638 /* Release */ = {
			isa = XCBuildConfiguration;
			buildSettings = {
				ALWAYS_SEARCH_USER_PATHS = NO;
				CLANG_ANALYZER_NONNULL = YES;
				CLANG_ANALYZER_NUMBER_OBJECT_CONVERSION = YES_AGGRESSIVE;
				CLANG_CXX_LANGUAGE_STANDARD = "gnu++14";
				CLANG_CXX_LIBRARY = "libc++";
				CLANG_ENABLE_MODULES = YES;
				CLANG_ENABLE_OBJC_ARC = YES;
				CLANG_ENABLE_OBJC_WEAK = YES;
				CLANG_WARN_BLOCK_CAPTURE_AUTORELEASING = YES;
				CLANG_WARN_BOOL_CONVERSION = YES;
				CLANG_WARN_COMMA = YES;
				CLANG_WARN_CONSTANT_CONVERSION = YES;
				CLANG_WARN_DEPRECATED_OBJC_IMPLEMENTATIONS = YES;
				CLANG_WARN_DIRECT_OBJC_ISA_USAGE = YES_ERROR;
				CLANG_WARN_DOCUMENTATION_COMMENTS = YES;
				CLANG_WARN_EMPTY_BODY = YES;
				CLANG_WARN_ENUM_CONVERSION = YES;
				CLANG_WARN_INFINITE_RECURSION = YES;
				CLANG_WARN_INT_CONVERSION = YES;
				CLANG_WARN_NON_LITERAL_NULL_CONVERSION = YES;
				CLANG_WARN_OBJC_IMPLICIT_RETAIN_SELF = YES;
				CLANG_WARN_OBJC_LITERAL_CONVERSION = YES;
				CLANG_WARN_OBJC_ROOT_CLASS = YES_ERROR;
				CLANG_WARN_RANGE_LOOP_ANALYSIS = YES;
				CLANG_WARN_STRICT_PROTOTYPES = YES;
				CLANG_WARN_SUSPICIOUS_MOVE = YES;
				CLANG_WARN_UNGUARDED_AVAILABILITY = YES_AGGRESSIVE;
				CLANG_WARN_UNREACHABLE_CODE = YES;
				CLANG_WARN__DUPLICATE_METHOD_MATCH = YES;
				COPY_PHASE_STRIP = NO;
				DEBUG_INFORMATION_FORMAT = "dwarf-with-dsym";
				ENABLE_NS_ASSERTIONS = NO;
				ENABLE_STRICT_OBJC_MSGSEND = YES;
				GCC_C_LANGUAGE_STANDARD = gnu11;
				GCC_NO_COMMON_BLOCKS = YES;
				GCC_WARN_64_TO_32_BIT_CONVERSION = YES;
				GCC_WARN_ABOUT_RETURN_TYPE = YES_ERROR;
				GCC_WARN_UNDECLARED_SELECTOR = YES;
				GCC_WARN_UNINITIALIZED_AUTOS = YES_AGGRESSIVE;
				GCC_WARN_UNUSED_FUNCTION = YES;
				GCC_WARN_UNUSED_VARIABLE = YES;
				IPHONEOS_DEPLOYMENT_TARGET = 13.7;
				MTL_ENABLE_DEBUG_INFO = NO;
				MTL_FAST_MATH = YES;
				SDKROOT = iphoneos;
				SWIFT_COMPILATION_MODE = wholemodule;
				SWIFT_OPTIMIZATION_LEVEL = "-O";
				VALIDATE_PRODUCT = YES;
			};
			name = Release;
		};
		2C2B6CA42515F36500044638 /* Debug */ = {
			isa = XCBuildConfiguration;
			buildSettings = {
				ASSETCATALOG_COMPILER_APPICON_NAME = AppIcon;
				CODE_SIGN_STYLE = Automatic;
				DEVELOPMENT_TEAM = NP2MGYX5PG;
				INFOPLIST_FILE = "First ios app/Info.plist";
				LD_RUNPATH_SEARCH_PATHS = (
					"$(inherited)",
					"@executable_path/Frameworks",
				);
				PRODUCT_BUNDLE_IDENTIFIER = "Hyeongyu.First-ios-app";
				PRODUCT_NAME = "$(TARGET_NAME)";
				SWIFT_VERSION = 5.0;
				TARGETED_DEVICE_FAMILY = "1,2";
			};
			name = Debug;
		};
		2C2B6CA52515F36500044638 /* Release */ = {
			isa = XCBuildConfiguration;
			buildSettings = {
				ASSETCATALOG_COMPILER_APPICON_NAME = AppIcon;
				CODE_SIGN_STYLE = Automatic;
				DEVELOPMENT_TEAM = NP2MGYX5PG;
				INFOPLIST_FILE = "First ios app/Info.plist";
				LD_RUNPATH_SEARCH_PATHS = (
					"$(inherited)",
					"@executable_path/Frameworks",
				);
				PRODUCT_BUNDLE_IDENTIFIER = "Hyeongyu.First-ios-app";
				PRODUCT_NAME = "$(TARGET_NAME)";
				SWIFT_VERSION = 5.0;
				TARGETED_DEVICE_FAMILY = "1,2";
			};
			name = Release;
		};
		2C2B6CA72515F36500044638 /* Debug */ = {
			isa = XCBuildConfiguration;
			buildSettings = {
				ALWAYS_EMBED_SWIFT_STANDARD_LIBRARIES = YES;
				BUNDLE_LOADER = "$(TEST_HOST)";
				CODE_SIGN_STYLE = Automatic;
				DEVELOPMENT_TEAM = NP2MGYX5PG;
				INFOPLIST_FILE = "First ios appTests/Info.plist";
				IPHONEOS_DEPLOYMENT_TARGET = 13.7;
				LD_RUNPATH_SEARCH_PATHS = (
					"$(inherited)",
					"@executable_path/Frameworks",
					"@loader_path/Frameworks",
				);
				PRODUCT_BUNDLE_IDENTIFIER = "Hyeongyu.First-ios-appTests";
				PRODUCT_NAME = "$(TARGET_NAME)";
				SWIFT_VERSION = 5.0;
				TARGETED_DEVICE_FAMILY = "1,2";
				TEST_HOST = "$(BUILT_PRODUCTS_DIR)/First ios app.app/First ios app";
			};
			name = Debug;
		};
		2C2B6CA82515F36500044638 /* Release */ = {
			isa = XCBuildConfiguration;
			buildSettings = {
				ALWAYS_EMBED_SWIFT_STANDARD_LIBRARIES = YES;
				BUNDLE_LOADER = "$(TEST_HOST)";
				CODE_SIGN_STYLE = Automatic;
				DEVELOPMENT_TEAM = NP2MGYX5PG;
				INFOPLIST_FILE = "First ios appTests/Info.plist";
				IPHONEOS_DEPLOYMENT_TARGET = 13.7;
				LD_RUNPATH_SEARCH_PATHS = (
					"$(inherited)",
					"@executable_path/Frameworks",
					"@loader_path/Frameworks",
				);
				PRODUCT_BUNDLE_IDENTIFIER = "Hyeongyu.First-ios-appTests";
				PRODUCT_NAME = "$(TARGET_NAME)";
				SWIFT_VERSION = 5.0;
				TARGETED_DEVICE_FAMILY = "1,2";
				TEST_HOST = "$(BUILT_PRODUCTS_DIR)/First ios app.app/First ios app";
			};
			name = Release;
		};
		2C2B6CAA2515F36500044638 /* Debug */ = {
			isa = XCBuildConfiguration;
			buildSettings = {
				ALWAYS_EMBED_SWIFT_STANDARD_LIBRARIES = YES;
				CODE_SIGN_STYLE = Automatic;
				DEVELOPMENT_TEAM = NP2MGYX5PG;
				INFOPLIST_FILE = "First ios appUITests/Info.plist";
				LD_RUNPATH_SEARCH_PATHS = (
					"$(inherited)",
					"@executable_path/Frameworks",
					"@loader_path/Frameworks",
				);
				PRODUCT_BUNDLE_IDENTIFIER = "Hyeongyu.First-ios-appUITests";
				PRODUCT_NAME = "$(TARGET_NAME)";
				SWIFT_VERSION = 5.0;
				TARGETED_DEVICE_FAMILY = "1,2";
				TEST_TARGET_NAME = "First ios app";
			};
			name = Debug;
		};
		2C2B6CAB2515F36500044638 /* Release */ = {
			isa = XCBuildConfiguration;
			buildSettings = {
				ALWAYS_EMBED_SWIFT_STANDARD_LIBRARIES = YES;
				CODE_SIGN_STYLE = Automatic;
				DEVELOPMENT_TEAM = NP2MGYX5PG;
				INFOPLIST_FILE = "First ios appUITests/Info.plist";
				LD_RUNPATH_SEARCH_PATHS = (
					"$(inherited)",
					"@executable_path/Frameworks",
					"@loader_path/Frameworks",
				);
				PRODUCT_BUNDLE_IDENTIFIER = "Hyeongyu.First-ios-appUITests";
				PRODUCT_NAME = "$(TARGET_NAME)";
				SWIFT_VERSION = 5.0;
				TARGETED_DEVICE_FAMILY = "1,2";
				TEST_TARGET_NAME = "First ios app";
			};
			name = Release;
		};
/* End XCBuildConfiguration section */

/* Begin XCConfigurationList section */
		2C2B6C742515F36400044638 /* Build configuration list for PBXProject "First ios app" */ = {
			isa = XCConfigurationList;
			buildConfigurations = (
				2C2B6CA12515F36500044638 /* Debug */,
				2C2B6CA22515F36500044638 /* Release */,
			);
			defaultConfigurationIsVisible = 0;
			defaultConfigurationName = Release;
		};
		2C2B6CA32515F36500044638 /* Build configuration list for PBXNativeTarget "First ios app" */ = {
			isa = XCConfigurationList;
			buildConfigurations = (
				2C2B6CA42515F36500044638 /* Debug */,
				2C2B6CA52515F36500044638 /* Release */,
			);
			defaultConfigurationIsVisible = 0;
			defaultConfigurationName = Release;
		};
		2C2B6CA62515F36500044638 /* Build configuration list for PBXNativeTarget "First ios appTests" */ = {
			isa = XCConfigurationList;
			buildConfigurations = (
				2C2B6CA72515F36500044638 /* Debug */,
				2C2B6CA82515F36500044638 /* Release */,
			);
			defaultConfigurationIsVisible = 0;
			defaultConfigurationName = Release;
		};
		2C2B6CA92515F36500044638 /* Build configuration list for PBXNativeTarget "First ios appUITests" */ = {
			isa = XCConfigurationList;
			buildConfigurations = (
				2C2B6CAA2515F36500044638 /* Debug */,
				2C2B6CAB2515F36500044638 /* Release */,
			);
			defaultConfigurationIsVisible = 0;
			defaultConfigurationName = Release;
		};
/* End XCConfigurationList section */
	};
	rootObject = 2C2B6C712515F36400044638 /* Project object */;
}
